// !$*UTF8*$!
{
	archiveVersion = 1;
	classes = {
	};
	objectVersion = 54;
	objects = {

/* Begin PBXBuildFile section */
		D9618466220FDD1100C59D9B /* AppDelegate.swift in Sources */ = {isa = PBXBuildFile; fileRef = D9618465220FDD1100C59D9B /* AppDelegate.swift */; };
		D9618468220FDD1100C59D9B /* ViewController.swift in Sources */ = {isa = PBXBuildFile; fileRef = D9618467220FDD1100C59D9B /* ViewController.swift */; };
		D961846D220FDD1200C59D9B /* Assets.xcassets in Resources */ = {isa = PBXBuildFile; fileRef = D961846C220FDD1200C59D9B /* Assets.xcassets */; };
		D9618470220FDD1200C59D9B /* LaunchScreen.storyboard in Resources */ = {isa = PBXBuildFile; fileRef = D961846E220FDD1200C59D9B /* LaunchScreen.storyboard */; };
		D9742E1E27D4877300E02FFD /* SwiftDraw in Frameworks */ = {isa = PBXBuildFile; productRef = D9742E1D27D4877300E02FFD /* SwiftDraw */; };
		D9AC57BF2D65E86A005ACBFF /* GalleryView.swift in Sources */ = {isa = PBXBuildFile; fileRef = D9AC57BE2D65E86A005ACBFF /* GalleryView.swift */; };
		D9EE86AF2A4EC94E00C7CAE1 /* Samples.bundle in Resources */ = {isa = PBXBuildFile; fileRef = D94D5BE22A4EC906001DCD83 /* Samples.bundle */; };
/* End PBXBuildFile section */

/* Begin PBXCopyFilesBuildPhase section */
		D9ACD7A2220FDE0D009717CF /* CopyFiles */ = {
			isa = PBXCopyFilesBuildPhase;
			buildActionMask = 2147483647;
			dstPath = "";
			dstSubfolderSpec = 10;
			files = (
			);
			runOnlyForDeploymentPostprocessing = 0;
		};
/* End PBXCopyFilesBuildPhase section */

/* Begin PBXFileReference section */
		014F853028F0BC3100B4BE96 /* Basic.entitlements */ = {isa = PBXFileReference; lastKnownFileType = text.plist.entitlements; name = Basic.entitlements; path = Basic/Basic.entitlements; sourceTree = "<group>"; };
		D94D5BE22A4EC906001DCD83 /* Samples.bundle */ = {isa = PBXFileReference; lastKnownFileType = "wrapper.plug-in"; name = Samples.bundle; path = ../Samples.bundle; sourceTree = "<group>"; };
		D9618462220FDD1100C59D9B /* Basic.app */ = {isa = PBXFileReference; explicitFileType = wrapper.application; includeInIndex = 0; path = Basic.app; sourceTree = BUILT_PRODUCTS_DIR; };
		D9618465220FDD1100C59D9B /* AppDelegate.swift */ = {isa = PBXFileReference; lastKnownFileType = sourcecode.swift; path = AppDelegate.swift; sourceTree = "<group>"; };
		D9618467220FDD1100C59D9B /* ViewController.swift */ = {isa = PBXFileReference; lastKnownFileType = sourcecode.swift; path = ViewController.swift; sourceTree = "<group>"; };
		D961846C220FDD1200C59D9B /* Assets.xcassets */ = {isa = PBXFileReference; lastKnownFileType = folder.assetcatalog; path = Assets.xcassets; sourceTree = "<group>"; };
		D961846F220FDD1200C59D9B /* Base */ = {isa = PBXFileReference; lastKnownFileType = file.storyboard; name = Base; path = Base.lproj/LaunchScreen.storyboard; sourceTree = "<group>"; };
		D9618471220FDD1200C59D9B /* Info.plist */ = {isa = PBXFileReference; lastKnownFileType = text.plist.xml; path = Info.plist; sourceTree = "<group>"; };
		D9742E1C27D4875100E02FFD /* SwiftDraw */ = {isa = PBXFileReference; lastKnownFileType = wrapper; name = SwiftDraw; path = ..; sourceTree = "<group>"; };
		D9AC57BE2D65E86A005ACBFF /* GalleryView.swift */ = {isa = PBXFileReference; lastKnownFileType = sourcecode.swift; path = GalleryView.swift; sourceTree = "<group>"; };
		D9ACD7A0220FDE04009717CF /* SwiftDraw.framework */ = {isa = PBXFileReference; explicitFileType = wrapper.framework; path = SwiftDraw.framework; sourceTree = BUILT_PRODUCTS_DIR; };
/* End PBXFileReference section */

/* Begin PBXFrameworksBuildPhase section */
		D961845F220FDD1100C59D9B /* Frameworks */ = {
			isa = PBXFrameworksBuildPhase;
			buildActionMask = 2147483647;
			files = (
				D9742E1E27D4877300E02FFD /* SwiftDraw in Frameworks */,
			);
			runOnlyForDeploymentPostprocessing = 0;
		};
/* End PBXFrameworksBuildPhase section */

/* Begin PBXGroup section */
		D9618459220FDD1100C59D9B = {
			isa = PBXGroup;
			children = (
				014F853028F0BC3100B4BE96 /* Basic.entitlements */,
				D9742E1C27D4875100E02FFD /* SwiftDraw */,
				D94D5BE22A4EC906001DCD83 /* Samples.bundle */,
				D9618464220FDD1100C59D9B /* Sources */,
				D9618463220FDD1100C59D9B /* Products */,
				D9ACD79F220FDE04009717CF /* Frameworks */,
			);
			sourceTree = "<group>";
		};
		D9618463220FDD1100C59D9B /* Products */ = {
			isa = PBXGroup;
			children = (
				D9618462220FDD1100C59D9B /* Basic.app */,
			);
			name = Products;
			sourceTree = "<group>";
		};
		D9618464220FDD1100C59D9B /* Sources */ = {
			isa = PBXGroup;
			children = (
				D9AC57BE2D65E86A005ACBFF /* GalleryView.swift */,
				D9618465220FDD1100C59D9B /* AppDelegate.swift */,
				D9618467220FDD1100C59D9B /* ViewController.swift */,
				D961846C220FDD1200C59D9B /* Assets.xcassets */,
				D961846E220FDD1200C59D9B /* LaunchScreen.storyboard */,
				D9618471220FDD1200C59D9B /* Info.plist */,
			);
			path = Sources;
			sourceTree = "<group>";
		};
		D9ACD79F220FDE04009717CF /* Frameworks */ = {
			isa = PBXGroup;
			children = (
				D9ACD7A0220FDE04009717CF /* SwiftDraw.framework */,
			);
			name = Frameworks;
			sourceTree = "<group>";
		};
/* End PBXGroup section */

/* Begin PBXNativeTarget section */
		D9618461220FDD1100C59D9B /* Basic */ = {
			isa = PBXNativeTarget;
			buildConfigurationList = D9618474220FDD1200C59D9B /* Build configuration list for PBXNativeTarget "Basic" */;
			buildPhases = (
				D961845E220FDD1100C59D9B /* Sources */,
				D961845F220FDD1100C59D9B /* Frameworks */,
				D9618460220FDD1100C59D9B /* Resources */,
				D9ACD7A2220FDE0D009717CF /* CopyFiles */,
			);
			buildRules = (
			);
			dependencies = (
			);
			name = Basic;
			packageProductDependencies = (
				D9742E1D27D4877300E02FFD /* SwiftDraw */,
			);
			productName = Basic;
			productReference = D9618462220FDD1100C59D9B /* Basic.app */;
			productType = "com.apple.product-type.application";
		};
/* End PBXNativeTarget section */

/* Begin PBXProject section */
		D961845A220FDD1100C59D9B /* Project object */ = {
			isa = PBXProject;
			attributes = {
				LastSwiftUpdateCheck = 1010;
				LastUpgradeCheck = 1010;
				ORGANIZATIONNAME = "Simon Whitty";
				TargetAttributes = {
					D9618461220FDD1100C59D9B = {
						CreatedOnToolsVersion = 10.1;
					};
				};
			};
			buildConfigurationList = D961845D220FDD1100C59D9B /* Build configuration list for PBXProject "Basic" */;
			compatibilityVersion = "Xcode 9.3";
			developmentRegion = en;
			hasScannedForEncodings = 0;
			knownRegions = (
				en,
				Base,
			);
			mainGroup = D9618459220FDD1100C59D9B;
			productRefGroup = D9618463220FDD1100C59D9B /* Products */;
			projectDirPath = "";
			projectRoot = "";
			targets = (
				D9618461220FDD1100C59D9B /* Basic */,
			);
		};
/* End PBXProject section */

/* Begin PBXResourcesBuildPhase section */
		D9618460220FDD1100C59D9B /* Resources */ = {
			isa = PBXResourcesBuildPhase;
			buildActionMask = 2147483647;
			files = (
				D9618470220FDD1200C59D9B /* LaunchScreen.storyboard in Resources */,
				D9EE86AF2A4EC94E00C7CAE1 /* Samples.bundle in Resources */,
				D961846D220FDD1200C59D9B /* Assets.xcassets in Resources */,
			);
			runOnlyForDeploymentPostprocessing = 0;
		};
/* End PBXResourcesBuildPhase section */

/* Begin PBXSourcesBuildPhase section */
		D961845E220FDD1100C59D9B /* Sources */ = {
			isa = PBXSourcesBuildPhase;
			buildActionMask = 2147483647;
			files = (
				D9618468220FDD1100C59D9B /* ViewController.swift in Sources */,
				D9618466220FDD1100C59D9B /* AppDelegate.swift in Sources */,
				D9AC57BF2D65E86A005ACBFF /* GalleryView.swift in Sources */,
			);
			runOnlyForDeploymentPostprocessing = 0;
		};
/* End PBXSourcesBuildPhase section */

/* Begin PBXVariantGroup section */
		D961846E220FDD1200C59D9B /* LaunchScreen.storyboard */ = {
			isa = PBXVariantGroup;
			children = (
				D961846F220FDD1200C59D9B /* Base */,
			);
			name = LaunchScreen.storyboard;
			sourceTree = "<group>";
		};
/* End PBXVariantGroup section */

/* Begin XCBuildConfiguration section */
		D9618472220FDD1200C59D9B /* Debug */ = {
			isa = XCBuildConfiguration;
			buildSettings = {
				ALWAYS_SEARCH_USER_PATHS = NO;
				CLANG_ANALYZER_NONNULL = YES;
				CLANG_ANALYZER_NUMBER_OBJECT_CONVERSION = YES_AGGRESSIVE;
				CLANG_CXX_LANGUAGE_STANDARD = "gnu++14";
				CLANG_CXX_LIBRARY = "libc++";
				CLANG_ENABLE_MODULES = YES;
				CLANG_ENABLE_OBJC_ARC = YES;
				CLANG_ENABLE_OBJC_WEAK = YES;
				CLANG_WARN_BLOCK_CAPTURE_AUTORELEASING = YES;
				CLANG_WARN_BOOL_CONVERSION = YES;
				CLANG_WARN_COMMA = YES;
				CLANG_WARN_CONSTANT_CONVERSION = YES;
				CLANG_WARN_DEPRECATED_OBJC_IMPLEMENTATIONS = YES;
				CLANG_WARN_DIRECT_OBJC_ISA_USAGE = YES_ERROR;
				CLANG_WARN_DOCUMENTATION_COMMENTS = YES;
				CLANG_WARN_EMPTY_BODY = YES;
				CLANG_WARN_ENUM_CONVERSION = YES;
				CLANG_WARN_INFINITE_RECURSION = YES;
				CLANG_WARN_INT_CONVERSION = YES;
				CLANG_WARN_NON_LITERAL_NULL_CONVERSION = YES;
				CLANG_WARN_OBJC_IMPLICIT_RETAIN_SELF = YES;
				CLANG_WARN_OBJC_LITERAL_CONVERSION = YES;
				CLANG_WARN_OBJC_ROOT_CLASS = YES_ERROR;
				CLANG_WARN_RANGE_LOOP_ANALYSIS = YES;
				CLANG_WARN_STRICT_PROTOTYPES = YES;
				CLANG_WARN_SUSPICIOUS_MOVE = YES;
				CLANG_WARN_UNGUARDED_AVAILABILITY = YES_AGGRESSIVE;
				CLANG_WARN_UNREACHABLE_CODE = YES;
				CLANG_WARN__DUPLICATE_METHOD_MATCH = YES;
				CODE_SIGN_IDENTITY = "iPhone Developer";
				COPY_PHASE_STRIP = NO;
				DEBUG_INFORMATION_FORMAT = dwarf;
				ENABLE_STRICT_OBJC_MSGSEND = YES;
				ENABLE_TESTABILITY = YES;
				GCC_C_LANGUAGE_STANDARD = gnu11;
				GCC_DYNAMIC_NO_PIC = NO;
				GCC_NO_COMMON_BLOCKS = YES;
				GCC_OPTIMIZATION_LEVEL = 0;
				GCC_PREPROCESSOR_DEFINITIONS = (
					"DEBUG=1",
					"$(inherited)",
				);
				GCC_WARN_64_TO_32_BIT_CONVERSION = YES;
				GCC_WARN_ABOUT_RETURN_TYPE = YES_ERROR;
				GCC_WARN_UNDECLARED_SELECTOR = YES;
				GCC_WARN_UNINITIALIZED_AUTOS = YES_AGGRESSIVE;
				GCC_WARN_UNUSED_FUNCTION = YES;
				GCC_WARN_UNUSED_VARIABLE = YES;
				IPHONEOS_DEPLOYMENT_TARGET = 12.1;
				MTL_ENABLE_DEBUG_INFO = INCLUDE_SOURCE;
				MTL_FAST_MATH = YES;
				ONLY_ACTIVE_ARCH = YES;
				SDKROOT = iphoneos;
				SWIFT_ACTIVE_COMPILATION_CONDITIONS = DEBUG;
				SWIFT_OPTIMIZATION_LEVEL = "-Onone";
				SWIFT_VERSION = 5.0;
			};
			name = Debug;
		};
		D9618473220FDD1200C59D9B /* Release */ = {
			isa = XCBuildConfiguration;
			buildSettings = {
				ALWAYS_SEARCH_USER_PATHS = NO;
				CLANG_ANALYZER_NONNULL = YES;
				CLANG_ANALYZER_NUMBER_OBJECT_CONVERSION = YES_AGGRESSIVE;
				CLANG_CXX_LANGUAGE_STANDARD = "gnu++14";
				CLANG_CXX_LIBRARY = "libc++";
				CLANG_ENABLE_MODULES = YES;
				CLANG_ENABLE_OBJC_ARC = YES;
				CLANG_ENABLE_OBJC_WEAK = YES;
				CLANG_WARN_BLOCK_CAPTURE_AUTORELEASING = YES;
				CLANG_WARN_BOOL_CONVERSION = YES;
				CLANG_WARN_COMMA = YES;
				CLANG_WARN_CONSTANT_CONVERSION = YES;
				CLANG_WARN_DEPRECATED_OBJC_IMPLEMENTATIONS = YES;
				CLANG_WARN_DIRECT_OBJC_ISA_USAGE = YES_ERROR;
				CLANG_WARN_DOCUMENTATION_COMMENTS = YES;
				CLANG_WARN_EMPTY_BODY = YES;
				CLANG_WARN_ENUM_CONVERSION = YES;
				CLANG_WARN_INFINITE_RECURSION = YES;
				CLANG_WARN_INT_CONVERSION = YES;
				CLANG_WARN_NON_LITERAL_NULL_CONVERSION = YES;
				CLANG_WARN_OBJC_IMPLICIT_RETAIN_SELF = YES;
				CLANG_WARN_OBJC_LITERAL_CONVERSION = YES;
				CLANG_WARN_OBJC_ROOT_CLASS = YES_ERROR;
				CLANG_WARN_RANGE_LOOP_ANALYSIS = YES;
				CLANG_WARN_STRICT_PROTOTYPES = YES;
				CLANG_WARN_SUSPICIOUS_MOVE = YES;
				CLANG_WARN_UNGUARDED_AVAILABILITY = YES_AGGRESSIVE;
				CLANG_WARN_UNREACHABLE_CODE = YES;
				CLANG_WARN__DUPLICATE_METHOD_MATCH = YES;
				CODE_SIGN_IDENTITY = "iPhone Developer";
				COPY_PHASE_STRIP = NO;
				DEBUG_INFORMATION_FORMAT = "dwarf-with-dsym";
				ENABLE_NS_ASSERTIONS = NO;
				ENABLE_STRICT_OBJC_MSGSEND = YES;
				GCC_C_LANGUAGE_STANDARD = gnu11;
				GCC_NO_COMMON_BLOCKS = YES;
				GCC_WARN_64_TO_32_BIT_CONVERSION = YES;
				GCC_WARN_ABOUT_RETURN_TYPE = YES_ERROR;
				GCC_WARN_UNDECLARED_SELECTOR = YES;
				GCC_WARN_UNINITIALIZED_AUTOS = YES_AGGRESSIVE;
				GCC_WARN_UNUSED_FUNCTION = YES;
				GCC_WARN_UNUSED_VARIABLE = YES;
				IPHONEOS_DEPLOYMENT_TARGET = 12.1;
				MTL_ENABLE_DEBUG_INFO = NO;
				MTL_FAST_MATH = YES;
				SDKROOT = iphoneos;
				SWIFT_COMPILATION_MODE = wholemodule;
				SWIFT_OPTIMIZATION_LEVEL = "-O";
				SWIFT_VERSION = 5.0;
				VALIDATE_PRODUCT = YES;
			};
			name = Release;
		};
		D9618475220FDD1200C59D9B /* Debug */ = {
			isa = XCBuildConfiguration;
			buildSettings = {
				ASSETCATALOG_COMPILER_APPICON_NAME = AppIcon;
				CODE_SIGN_ENTITLEMENTS = Basic/Basic.entitlements;
				CODE_SIGN_STYLE = Automatic;
				DEVELOPMENT_TEAM = C8TWBM2E6Q;
				INFOPLIST_FILE = Sources/Info.plist;
				IPHONEOS_DEPLOYMENT_TARGET = 13.0;
				LD_RUNPATH_SEARCH_PATHS = (
					"$(inherited)",
					"@executable_path/Frameworks",
				);
				PRODUCT_BUNDLE_IDENTIFIER = com.whiloop.Basic;
				PRODUCT_NAME = "$(TARGET_NAME)";
				SUPPORTS_MACCATALYST = YES;
				TARGETED_DEVICE_FAMILY = "1,2";
			};
			name = Debug;
		};
		D9618476220FDD1200C59D9B /* Release */ = {
			isa = XCBuildConfiguration;
			buildSettings = {
				ASSETCATALOG_COMPILER_APPICON_NAME = AppIcon;
				CODE_SIGN_ENTITLEMENTS = Basic/Basic.entitlements;
				CODE_SIGN_STYLE = Automatic;
				DEVELOPMENT_TEAM = C8TWBM2E6Q;
				INFOPLIST_FILE = Sources/Info.plist;
				IPHONEOS_DEPLOYMENT_TARGET = 13.0;
				LD_RUNPATH_SEARCH_PATHS = (
					"$(inherited)",
					"@executable_path/Frameworks",
				);
				PRODUCT_BUNDLE_IDENTIFIER = com.whiloop.Basic;
				PRODUCT_NAME = "$(TARGET_NAME)";
				SUPPORTS_MACCATALYST = YES;
				TARGETED_DEVICE_FAMILY = "1,2";
			};
			name = Release;
		};
/* End XCBuildConfiguration section */

/* Begin XCConfigurationList section */
		D961845D220FDD1100C59D9B /* Build configuration list for PBXProject "Basic" */ = {
			isa = XCConfigurationList;
			buildConfigurations = (
				D9618472220FDD1200C59D9B /* Debug */,
				D9618473220FDD1200C59D9B /* Release */,
			);
			defaultConfigurationIsVisible = 0;
			defaultConfigurationName = Release;
		};
		D9618474220FDD1200C59D9B /* Build configuration list for PBXNativeTarget "Basic" */ = {
			isa = XCConfigurationList;
			buildConfigurations = (
				D9618475220FDD1200C59D9B /* Debug */,
				D9618476220FDD1200C59D9B /* Release */,
			);
			defaultConfigurationIsVisible = 0;
			defaultConfigurationName = Release;
		};
/* End XCConfigurationList section */

/* Begin XCSwiftPackageProductDependency section */
		D9742E1D27D4877300E02FFD /* SwiftDraw */ = {
			isa = XCSwiftPackageProductDependency;
			productName = SwiftDraw;
		};
/* End XCSwiftPackageProductDependency section */
	};
	rootObject = D961845A220FDD1100C59D9B /* Project object */;
}
